
Microsoft Visual Studio Solution File, Format Version 12.00
# Visual Studio Version 16
VisualStudioVersion = 16.0.28803.452
MinimumVisualStudioVersion = 10.0.40219.1
Project("{FAE04EC0-301F-11D3-BF4B-00C04F79EFBC}") = "castleFlex_alfa", "castleFlex_alfa.csproj", "{2FA0D671-AF20-47D9-BFD5-DE0BF06959BD}"
EndProject
Project("{54435603-DBB4-11D2-8724-00A0C9A8B90C}") = "CFSetup", "..\CFSetup\CFSetup.vdproj", "{A4702F0A-8E24-43EC-B449-4779F5BBC259}"
EndProject
Global
	GlobalSection(SolutionConfigurationPlatforms) = preSolution
		Debug|Any CPU = Debug|Any CPU
		Release|Any CPU = Release|Any CPU
	EndGlobalSection
	GlobalSection(ProjectConfigurationPlatforms) = postSolution
		{2FA0D671-AF20-47D9-BFD5-DE0BF06959BD}.Debug|Any CPU.ActiveCfg = Debug|Any CPU
		{2FA0D671-AF20-47D9-BFD5-DE0BF06959BD}.Debug|Any CPU.Build.0 = Debug|Any CPU
		{2FA0D671-AF20-47D9-BFD5-DE0BF06959BD}.Release|Any CPU.ActiveCfg = Release|Any CPU
		{2FA0D671-AF20-47D9-BFD5-DE0BF06959BD}.Release|Any CPU.Build.0 = Release|Any CPU
		{A4702F0A-8E24-43EC-B449-4779F5BBC259}.Debug|Any CPU.ActiveCfg = Debug
		{A4702F0A-8E24-43EC-B449-4779F5BBC259}.Release|Any CPU.ActiveCfg = Release
	EndGlobalSection
	GlobalSection(SolutionProperties) = preSolution
		HideSolutionNode = FALSE
	EndGlobalSection
	GlobalSection(ExtensibilityGlobals) = postSolution
		SolutionGuid = {3B84450C-EF6C-4093-AD6F-D8A3AAE6F2AA}
	EndGlobalSection
EndGlobal
